
Microsoft Visual Studio Solution File, Format Version 12.00
# Visual Studio 14
VisualStudioVersion = 14.0.25420.1
MinimumVisualStudioVersion = 10.0.40219.1
Project("{FAE04EC0-301F-11D3-BF4B-00C04F79EFBC}") = "IntroToSQLite", "IntroToSQLite\IntroToSQLite\IntroToSQLite.csproj", "{E87284E1-54AE-495D-8F0E-B9169D03A947}"
EndProject
Project("{FAE04EC0-301F-11D3-BF4B-00C04F79EFBC}") = "IntroToSQLite.Droid", "IntroToSQLite\IntroToSQLite.Droid\IntroToSQLite.Droid.csproj", "{67C590A2-3EFA-4CC6-AEA6-BD658F60F754}"
EndProject
Project("{FAE04EC0-301F-11D3-BF4B-00C04F79EFBC}") = "IntroToSQLite.iOS", "IntroToSQLite\IntroToSQLite.iOS\IntroToSQLite.iOS.csproj", "{9B519E96-EEDE-4067-A64D-10391C7C7A73}"
EndProject
Global
	GlobalSection(SolutionConfigurationPlatforms) = preSolution
		Ad-Hoc|Any CPU = Ad-Hoc|Any CPU
		Ad-Hoc|iPhone = Ad-Hoc|iPhone
		Ad-Hoc|iPhoneSimulator = Ad-Hoc|iPhoneSimulator
		AppStore|Any CPU = AppStore|Any CPU
		AppStore|iPhone = AppStore|iPhone
		AppStore|iPhoneSimulator = AppStore|iPhoneSimulator
		Debug|Any CPU = Debug|Any CPU
		Debug|iPhone = Debug|iPhone
		Debug|iPhoneSimulator = Debug|iPhoneSimulator
		Release|Any CPU = Release|Any CPU
		Release|iPhone = Release|iPhone
		Release|iPhoneSimulator = Release|iPhoneSimulator
	EndGlobalSection
	GlobalSection(ProjectConfigurationPlatforms) = postSolution
		{E87284E1-54AE-495D-8F0E-B9169D03A947}.Ad-Hoc|Any CPU.ActiveCfg = Release|Any CPU
		{E87284E1-54AE-495D-8F0E-B9169D03A947}.Ad-Hoc|Any CPU.Build.0 = Release|Any CPU
		{E87284E1-54AE-495D-8F0E-B9169D03A947}.Ad-Hoc|iPhone.ActiveCfg = Release|Any CPU
		{E87284E1-54AE-495D-8F0E-B9169D03A947}.Ad-Hoc|iPhone.Build.0 = Release|Any CPU
		{E87284E1-54AE-495D-8F0E-B9169D03A947}.Ad-Hoc|iPhoneSimulator.ActiveCfg = Release|Any CPU
		{E87284E1-54AE-495D-8F0E-B9169D03A947}.Ad-Hoc|iPhoneSimulator.Build.0 = Release|Any CPU
		{E87284E1-54AE-495D-8F0E-B9169D03A947}.AppStore|Any CPU.ActiveCfg = Release|Any CPU
		{E87284E1-54AE-495D-8F0E-B9169D03A947}.AppStore|Any CPU.Build.0 = Release|Any CPU
		{E87284E1-54AE-495D-8F0E-B9169D03A947}.AppStore|iPhone.ActiveCfg = Release|Any CPU
		{E87284E1-54AE-495D-8F0E-B9169D03A947}.AppStore|iPhone.Build.0 = Release|Any CPU
		{E87284E1-54AE-495D-8F0E-B9169D03A947}.AppStore|iPhoneSimulator.ActiveCfg = Release|Any CPU
		{E87284E1-54AE-495D-8F0E-B9169D03A947}.AppStore|iPhoneSimulator.Build.0 = Release|Any CPU
		{E87284E1-54AE-495D-8F0E-B9169D03A947}.Debug|Any CPU.ActiveCfg = Debug|Any CPU
		{E87284E1-54AE-495D-8F0E-B9169D03A947}.Debug|Any CPU.Build.0 = Debug|Any CPU
		{E87284E1-54AE-495D-8F0E-B9169D03A947}.Debug|iPhone.ActiveCfg = Debug|Any CPU
		{E87284E1-54AE-495D-8F0E-B9169D03A947}.Debug|iPhone.Build.0 = Debug|Any CPU
		{E87284E1-54AE-495D-8F0E-B9169D03A947}.Debug|iPhoneSimulator.ActiveCfg = Debug|Any CPU
		{E87284E1-54AE-495D-8F0E-B9169D03A947}.Debug|iPhoneSimulator.Build.0 = Debug|Any CPU
		{E87284E1-54AE-495D-8F0E-B9169D03A947}.Release|Any CPU.ActiveCfg = Release|Any CPU
		{E87284E1-54AE-495D-8F0E-B9169D03A947}.Release|Any CPU.Build.0 = Release|Any CPU
		{E87284E1-54AE-495D-8F0E-B9169D03A947}.Release|iPhone.ActiveCfg = Release|Any CPU
		{E87284E1-54AE-495D-8F0E-B9169D03A947}.Release|iPhone.Build.0 = Release|Any CPU
		{E87284E1-54AE-495D-8F0E-B9169D03A947}.Release|iPhoneSimulator.ActiveCfg = Release|Any CPU
		{E87284E1-54AE-495D-8F0E-B9169D03A947}.Release|iPhoneSimulator.Build.0 = Release|Any CPU
		{67C590A2-3EFA-4CC6-AEA6-BD658F60F754}.Ad-Hoc|Any CPU.ActiveCfg = Release|Any CPU
		{67C590A2-3EFA-4CC6-AEA6-BD658F60F754}.Ad-Hoc|Any CPU.Build.0 = Release|Any CPU
		{67C590A2-3EFA-4CC6-AEA6-BD658F60F754}.Ad-Hoc|Any CPU.Deploy.0 = Release|Any CPU
		{67C590A2-3EFA-4CC6-AEA6-BD658F60F754}.Ad-Hoc|iPhone.ActiveCfg = Release|Any CPU
		{67C590A2-3EFA-4CC6-AEA6-BD658F60F754}.Ad-Hoc|iPhone.Build.0 = Release|Any CPU
		{67C590A2-3EFA-4CC6-AEA6-BD658F60F754}.Ad-Hoc|iPhone.Deploy.0 = Release|Any CPU
		{67C590A2-3EFA-4CC6-AEA6-BD658F60F754}.Ad-Hoc|iPhoneSimulator.ActiveCfg = Release|Any CPU
		{67C590A2-3EFA-4CC6-AEA6-BD658F60F754}.Ad-Hoc|iPhoneSimulator.Build.0 = Release|Any CPU
		{67C590A2-3EFA-4CC6-AEA6-BD658F60F754}.Ad-Hoc|iPhoneSimulator.Deploy.0 = Release|Any CPU
		{67C590A2-3EFA-4CC6-AEA6-BD658F60F754}.AppStore|Any CPU.ActiveCfg = Release|Any CPU
		{67C590A2-3EFA-4CC6-AEA6-BD658F60F754}.AppStore|Any CPU.Build.0 = Release|Any CPU
		{67C590A2-3EFA-4CC6-AEA6-BD658F60F754}.AppStore|Any CPU.Deploy.0 = Release|Any CPU
		{67C590A2-3EFA-4CC6-AEA6-BD658F60F754}.AppStore|iPhone.ActiveCfg = Release|Any CPU
		{67C590A2-3EFA-4CC6-AEA6-BD658F60F754}.AppStore|iPhone.Build.0 = Release|Any CPU
		{67C590A2-3EFA-4CC6-AEA6-BD658F60F754}.AppStore|iPhone.Deploy.0 = Release|Any CPU
		{67C590A2-3EFA-4CC6-AEA6-BD658F60F754}.AppStore|iPhoneSimulator.ActiveCfg = Release|Any CPU
		{67C590A2-3EFA-4CC6-AEA6-BD658F60F754}.AppStore|iPhoneSimulator.Build.0 = Release|Any CPU
		{67C590A2-3EFA-4CC6-AEA6-BD658F60F754}.AppStore|iPhoneSimulator.Deploy.0 = Release|Any CPU
		{67C590A2-3EFA-4CC6-AEA6-BD658F60F754}.Debug|Any CPU.ActiveCfg = Debug|Any CPU
		{67C590A2-3EFA-4CC6-AEA6-BD658F60F754}.Debug|Any CPU.Build.0 = Debug|Any CPU
		{67C590A2-3EFA-4CC6-AEA6-BD658F60F754}.Debug|Any CPU.Deploy.0 = Debug|Any CPU
		{67C590A2-3EFA-4CC6-AEA6-BD658F60F754}.Debug|iPhone.ActiveCfg = Debug|Any CPU
		{67C590A2-3EFA-4CC6-AEA6-BD658F60F754}.Debug|iPhone.Build.0 = Debug|Any CPU
		{67C590A2-3EFA-4CC6-AEA6-BD658F60F754}.Debug|iPhone.Deploy.0 = Debug|Any CPU
		{67C590A2-3EFA-4CC6-AEA6-BD658F60F754}.Debug|iPhoneSimulator.ActiveCfg = Debug|Any CPU
		{67C590A2-3EFA-4CC6-AEA6-BD658F60F754}.Debug|iPhoneSimulator.Build.0 = Debug|Any CPU
		{67C590A2-3EFA-4CC6-AEA6-BD658F60F754}.Debug|iPhoneSimulator.Deploy.0 = Debug|Any CPU
		{67C590A2-3EFA-4CC6-AEA6-BD658F60F754}.Release|Any CPU.ActiveCfg = Release|Any CPU
		{67C590A2-3EFA-4CC6-AEA6-BD658F60F754}.Release|Any CPU.Build.0 = Release|Any CPU
		{67C590A2-3EFA-4CC6-AEA6-BD658F60F754}.Release|Any CPU.Deploy.0 = Release|Any CPU
		{67C590A2-3EFA-4CC6-AEA6-BD658F60F754}.Release|iPhone.ActiveCfg = Release|Any CPU
		{67C590A2-3EFA-4CC6-AEA6-BD658F60F754}.Release|iPhone.Build.0 = Release|Any CPU
		{67C590A2-3EFA-4CC6-AEA6-BD658F60F754}.Release|iPhone.Deploy.0 = Release|Any CPU
		{67C590A2-3EFA-4CC6-AEA6-BD658F60F754}.Release|iPhoneSimulator.ActiveCfg = Release|Any CPU
		{67C590A2-3EFA-4CC6-AEA6-BD658F60F754}.Release|iPhoneSimulator.Build.0 = Release|Any CPU
		{67C590A2-3EFA-4CC6-AEA6-BD658F60F754}.Release|iPhoneSimulator.Deploy.0 = Release|Any CPU
		{9B519E96-EEDE-4067-A64D-10391C7C7A73}.Ad-Hoc|Any CPU.ActiveCfg = Ad-Hoc|iPhone
		{9B519E96-EEDE-4067-A64D-10391C7C7A73}.Ad-Hoc|iPhone.ActiveCfg = Ad-Hoc|iPhone
		{9B519E96-EEDE-4067-A64D-10391C7C7A73}.Ad-Hoc|iPhone.Build.0 = Ad-Hoc|iPhone
		{9B519E96-EEDE-4067-A64D-10391C7C7A73}.Ad-Hoc|iPhoneSimulator.ActiveCfg = Ad-Hoc|iPhoneSimulator
		{9B519E96-EEDE-4067-A64D-10391C7C7A73}.Ad-Hoc|iPhoneSimulator.Build.0 = Ad-Hoc|iPhoneSimulator
		{9B519E96-EEDE-4067-A64D-10391C7C7A73}.AppStore|Any CPU.ActiveCfg = AppStore|iPhone
		{9B519E96-EEDE-4067-A64D-10391C7C7A73}.AppStore|iPhone.ActiveCfg = AppStore|iPhone
		{9B519E96-EEDE-4067-A64D-10391C7C7A73}.AppStore|iPhone.Build.0 = AppStore|iPhone
		{9B519E96-EEDE-4067-A64D-10391C7C7A73}.AppStore|iPhoneSimulator.ActiveCfg = AppStore|iPhoneSimulator
		{9B519E96-EEDE-4067-A64D-10391C7C7A73}.AppStore|iPhoneSimulator.Build.0 = AppStore|iPhoneSimulator
		{9B519E96-EEDE-4067-A64D-10391C7C7A73}.Debug|Any CPU.ActiveCfg = Debug|iPhone
		{9B519E96-EEDE-4067-A64D-10391C7C7A73}.Debug|iPhone.ActiveCfg = Debug|iPhone
		{9B519E96-EEDE-4067-A64D-10391C7C7A73}.Debug|iPhone.Build.0 = Debug|iPhone
		{9B519E96-EEDE-4067-A64D-10391C7C7A73}.Debug|iPhoneSimulator.ActiveCfg = Debug|iPhoneSimulator
		{9B519E96-EEDE-4067-A64D-10391C7C7A73}.Debug|iPhoneSimulator.Build.0 = Debug|iPhoneSimulator
		{9B519E96-EEDE-4067-A64D-10391C7C7A73}.Release|Any CPU.ActiveCfg = Release|iPhone
		{9B519E96-EEDE-4067-A64D-10391C7C7A73}.Release|iPhone.ActiveCfg = Release|iPhone
		{9B519E96-EEDE-4067-A64D-10391C7C7A73}.Release|iPhone.Build.0 = Release|iPhone
		{9B519E96-EEDE-4067-A64D-10391C7C7A73}.Release|iPhoneSimulator.ActiveCfg = Release|iPhoneSimulator
		{9B519E96-EEDE-4067-A64D-10391C7C7A73}.Release|iPhoneSimulator.Build.0 = Release|iPhoneSimulator
	EndGlobalSection
	GlobalSection(SolutionProperties) = preSolution
		HideSolutionNode = FALSE
	EndGlobalSection
EndGlobal
